
Microsoft Visual Studio Solution File, Format Version 12.00
# Visual Studio Version 17
VisualStudioVersion = 17.2.32616.157
MinimumVisualStudioVersion = 10.0.40219.1
Project("{FAE04EC0-301F-11D3-BF4B-00C04F79EFBC}") = "Odev1.OrtalamaAlma", "Odev1.OrtalamaAlma\Odev1.OrtalamaAlma.csproj", "{C4E1D1D0-B74E-4C42-8D27-73D6A003FB84}"
EndProject
Project("{FAE04EC0-301F-11D3-BF4B-00C04F79EFBC}") = "Odev2.Mail", "Odev2.Mail\Odev2.Mail.csproj", "{27176FE4-BA20-457D-B7D1-E9EE7E33B1DE}"
EndProject
Project("{FAE04EC0-301F-11D3-BF4B-00C04F79EFBC}") = "Odev3.IslemYaptir", "Odev3.IslemYaptir\Odev3.IslemYaptir.csproj", "{05F2AF2E-9325-40CE-8986-B7AA6075240D}"
EndProject
Global
	GlobalSection(SolutionConfigurationPlatforms) = preSolution
		Debug|Any CPU = Debug|Any CPU
		Release|Any CPU = Release|Any CPU
	EndGlobalSection
	GlobalSection(ProjectConfigurationPlatforms) = postSolution
		{C4E1D1D0-B74E-4C42-8D27-73D6A003FB84}.Debug|Any CPU.ActiveCfg = Debug|Any CPU
		{C4E1D1D0-B74E-4C42-8D27-73D6A003FB84}.Debug|Any CPU.Build.0 = Debug|Any CPU
		{C4E1D1D0-B74E-4C42-8D27-73D6A003FB84}.Release|Any CPU.ActiveCfg = Release|Any CPU
		{C4E1D1D0-B74E-4C42-8D27-73D6A003FB84}.Release|Any CPU.Build.0 = Release|Any CPU
		{27176FE4-BA20-457D-B7D1-E9EE7E33B1DE}.Debug|Any CPU.ActiveCfg = Debug|Any CPU
		{27176FE4-BA20-457D-B7D1-E9EE7E33B1DE}.Debug|Any CPU.Build.0 = Debug|Any CPU
		{27176FE4-BA20-457D-B7D1-E9EE7E33B1DE}.Release|Any CPU.ActiveCfg = Release|Any CPU
		{27176FE4-BA20-457D-B7D1-E9EE7E33B1DE}.Release|Any CPU.Build.0 = Release|Any CPU
		{05F2AF2E-9325-40CE-8986-B7AA6075240D}.Debug|Any CPU.ActiveCfg = Debug|Any CPU
		{05F2AF2E-9325-40CE-8986-B7AA6075240D}.Debug|Any CPU.Build.0 = Debug|Any CPU
		{05F2AF2E-9325-40CE-8986-B7AA6075240D}.Release|Any CPU.ActiveCfg = Release|Any CPU
		{05F2AF2E-9325-40CE-8986-B7AA6075240D}.Release|Any CPU.Build.0 = Release|Any CPU
	EndGlobalSection
	GlobalSection(SolutionProperties) = preSolution
		HideSolutionNode = FALSE
	EndGlobalSection
	GlobalSection(ExtensibilityGlobals) = postSolution
		SolutionGuid = {4EFDF8B1-7FFD-4299-BB81-B7F51BB2EB4A}
	EndGlobalSection
EndGlobal
